
Microsoft Visual Studio Solution File, Format Version 12.00
# Visual Studio 14
VisualStudioVersion = 14.0.23107.0
MinimumVisualStudioVersion = 10.0.40219.1
Project("{FAE04EC0-301F-11D3-BF4B-00C04F79EFBC}") = "ReachMailDriver", "ReachMailDriver\ReachMailDriver.csproj", "{43179C2F-3A60-4A87-A015-9D48C936D200}"
EndProject
Project("{FAE04EC0-301F-11D3-BF4B-00C04F79EFBC}") = "ReachMailDriver.Tests", "ReachMailDriver.Tests\ReachMailDriver.Tests.csproj", "{BD8D630C-4DF0-4172-9362-496FC8CC7C9E}"
EndProject
Global
	GlobalSection(SolutionConfigurationPlatforms) = preSolution
		Debug|Any CPU = Debug|Any CPU
		Debug|ARM = Debug|ARM
		Debug|x64 = Debug|x64
		Debug|x86 = Debug|x86
		Release|Any CPU = Release|Any CPU
		Release|ARM = Release|ARM
		Release|x64 = Release|x64
		Release|x86 = Release|x86
	EndGlobalSection
	GlobalSection(ProjectConfigurationPlatforms) = postSolution
		{43179C2F-3A60-4A87-A015-9D48C936D200}.Debug|Any CPU.ActiveCfg = Debug|Any CPU
		{43179C2F-3A60-4A87-A015-9D48C936D200}.Debug|Any CPU.Build.0 = Debug|Any CPU
		{43179C2F-3A60-4A87-A015-9D48C936D200}.Debug|ARM.ActiveCfg = Debug|Any CPU
		{43179C2F-3A60-4A87-A015-9D48C936D200}.Debug|ARM.Build.0 = Debug|Any CPU
		{43179C2F-3A60-4A87-A015-9D48C936D200}.Debug|x64.ActiveCfg = Debug|Any CPU
		{43179C2F-3A60-4A87-A015-9D48C936D200}.Debug|x64.Build.0 = Debug|Any CPU
		{43179C2F-3A60-4A87-A015-9D48C936D200}.Debug|x86.ActiveCfg = Debug|Any CPU
		{43179C2F-3A60-4A87-A015-9D48C936D200}.Debug|x86.Build.0 = Debug|Any CPU
		{43179C2F-3A60-4A87-A015-9D48C936D200}.Release|Any CPU.ActiveCfg = Release|Any CPU
		{43179C2F-3A60-4A87-A015-9D48C936D200}.Release|Any CPU.Build.0 = Release|Any CPU
		{43179C2F-3A60-4A87-A015-9D48C936D200}.Release|ARM.ActiveCfg = Release|Any CPU
		{43179C2F-3A60-4A87-A015-9D48C936D200}.Release|ARM.Build.0 = Release|Any CPU
		{43179C2F-3A60-4A87-A015-9D48C936D200}.Release|x64.ActiveCfg = Release|Any CPU
		{43179C2F-3A60-4A87-A015-9D48C936D200}.Release|x64.Build.0 = Release|Any CPU
		{43179C2F-3A60-4A87-A015-9D48C936D200}.Release|x86.ActiveCfg = Release|Any CPU
		{43179C2F-3A60-4A87-A015-9D48C936D200}.Release|x86.Build.0 = Release|Any CPU
		{BD8D630C-4DF0-4172-9362-496FC8CC7C9E}.Debug|Any CPU.ActiveCfg = Debug|Any CPU
		{BD8D630C-4DF0-4172-9362-496FC8CC7C9E}.Debug|Any CPU.Build.0 = Debug|Any CPU
		{BD8D630C-4DF0-4172-9362-496FC8CC7C9E}.Debug|ARM.ActiveCfg = Debug|Any CPU
		{BD8D630C-4DF0-4172-9362-496FC8CC7C9E}.Debug|ARM.Build.0 = Debug|Any CPU
		{BD8D630C-4DF0-4172-9362-496FC8CC7C9E}.Debug|x64.ActiveCfg = Debug|Any CPU
		{BD8D630C-4DF0-4172-9362-496FC8CC7C9E}.Debug|x64.Build.0 = Debug|Any CPU
		{BD8D630C-4DF0-4172-9362-496FC8CC7C9E}.Debug|x86.ActiveCfg = Debug|Any CPU
		{BD8D630C-4DF0-4172-9362-496FC8CC7C9E}.Debug|x86.Build.0 = Debug|Any CPU
		{BD8D630C-4DF0-4172-9362-496FC8CC7C9E}.Release|Any CPU.ActiveCfg = Release|Any CPU
		{BD8D630C-4DF0-4172-9362-496FC8CC7C9E}.Release|Any CPU.Build.0 = Release|Any CPU
		{BD8D630C-4DF0-4172-9362-496FC8CC7C9E}.Release|ARM.ActiveCfg = Release|Any CPU
		{BD8D630C-4DF0-4172-9362-496FC8CC7C9E}.Release|ARM.Build.0 = Release|Any CPU
		{BD8D630C-4DF0-4172-9362-496FC8CC7C9E}.Release|x64.ActiveCfg = Release|Any CPU
		{BD8D630C-4DF0-4172-9362-496FC8CC7C9E}.Release|x64.Build.0 = Release|Any CPU
		{BD8D630C-4DF0-4172-9362-496FC8CC7C9E}.Release|x86.ActiveCfg = Release|Any CPU
		{BD8D630C-4DF0-4172-9362-496FC8CC7C9E}.Release|x86.Build.0 = Release|Any CPU
	EndGlobalSection
	GlobalSection(SolutionProperties) = preSolution
		HideSolutionNode = FALSE
	EndGlobalSection
EndGlobal
